gitea.com/xorm/sqlfiddle v0.0.0-20180821085327-62ce714f951a h1:lSA0F4e9A2NcQSqGqTOXqu2aRi/XEQxDCBwM8yJtE6s=
gitea.com/xorm/sqlfiddle v0.0.0-20180821085327-62ce714f951a/go.mod h1:EXuID2Zs0pAQhH8yz+DNjUbjppKQzKFAn28TMYPB6IU=
github.com/Microsoft/go-winio v0.6.2 h1:F2VQgta7ecxGYO8k3ZZz3RS8fVIXVxONVUPlNERoyfY=
github.com/Microsoft/go-winio v0.6.2/go.mod h1:yd8OoFMLzJbo9gZq8j5qaps8bJ9aShtEA8Ipt1oGCvU=
github.com/apache/thrift v0.20.0 h1:631+KvYbsBZxmuJjYwhezVsrfc/TbqtZV4QcxOX1fOI=
github.com/apache/thrift v0.20.0/go.mod h1:hOk1BQqcp2OLzGsyVXdfMk7YFlMxK3aoEVhjD06QhB8=
github.com/armon/go-socks5 v0.0.0-20160902184237-e75332964ef5 h1:0CwZNZbxp69SHPdPJAN/hZIm0C4OItdklCFmMRWYpio=
github.com/armon/go-socks5 v0.0.0-20160902184237-e75332964ef5/go.mod h1:wHh0iHkYZB8zMSxRWpUBQtwG5a7fFgvEO+odwuTv2gs=
github.com/beorn7/perks v1.0.1 h1:VlbKKnNfV8bJzeqoa4cOKqO6bYr3WgKZxO8Z16+hsOM=
github.com/beorn7/perks v1.0.1/go.mod h1:G2ZrVWU2WbWT9wwq4/hrbKbnv/1ERSJQ0ibhJ6rlkpw=
github.com/cespare/xxhash/v2 v2.3.0 h1:UL815xU9SqsFlibzuggzjXhog7bL6oX9BbNZnL2UFvs=
github.com/cespare/xxhash/v2 v2.3.0/go.mod h1:VGX0DQ3Q6kWi7AoAeZDth3/j3BFtOZR5XLFGgcrjCOs=
github.com/creack/pty v1.1.9/go.mod h1:oKZEueFk5CKHvIhNR5MUki03XCEU+Q6VDXinZuGJ33E=
github.com/davecgh/go-spew v1.1.0/go.mod h1:J7Y8YcW2NihsgmVo/mv3lAwl/skON4iLHjSsI+c5H38=
github.com/davecgh/go-spew v1.1.1/go.mod h1:J7Y8YcW2NihsgmVo/mv3lAwl/skON4iLHjSsI+c5H38=
github.com/davecgh/go-spew v1.1.2-0.20180830191138-d8f796af33cc h1:U9qPSI2PIWSS1VwoXQT9A3Wy9MM3WgvqSxFWenqJduM=
github.com/davecgh/go-spew v1.1.2-0.20180830191138-d8f796af33cc/go.mod h1:J7Y8YcW2NihsgmVo/mv3lAwl/skON4iLHjSsI+c5H38=
github.com/dustin/go-humanize v1.0.0 h1:VSnTsYCnlFHaM2/igO1h6X3HA71jcobQuxemgkq4zYo=
github.com/dustin/go-humanize v1.0.0/go.mod h1:HtrtbFcZ19U5GC7JDqmcUSB87Iq5E25KnS6fMYU6eOk=
github.com/ebitengine/purego v0.8.1 h1:sdRKd6plj7KYW33EH5As6YKfe8m9zbN9JMrOjNVF/BE=
github.com/ebitengine/purego v0.8.1/go.mod h1:iIjxzd6CiRiOG0UyXP+V1+jWqUXVjPKLAI0mRfJZTmQ=
github.com/elastic/go-sysinfo v1.15.0 h1:54pRFlAYUlVNQ2HbXzLVZlV+fxS7Eax49stzg95M4Xw=
github.com/elastic/go-sysinfo v1.15.0/go.mod h1:jPSuTgXG+dhhh0GKIyI2Cso+w5lPJ5PvVqKlL8LV/Hk=
github.com/elastic/go-windows v1.0.2 h1:yoLLsAsV5cfg9FLhZ9EXZ2n2sQFKeDYrHenkcivY4vI=
github.com/elastic/go-windows v1.0.2/go.mod h1:bGcDpBzXgYSqM0Gx3DM4+UxFj300SZLixie9u9ixLM8=
github.com/emicklei/go-restful/v3 v3.11.0 h1:rAQeMHw1c7zTmncogyy8VvRZwtkmkZ4FxERmMY4rD+g=
github.com/emicklei/go-restful/v3 v3.11.0/go.mod h1:6n3XBCmQQb25CM2LCACGz8ukIrRry+4bhvbpWn3mrbc=
github.com/frankban/quicktest v1.14.6 h1:7Xjx+VpznH+oBnejlPUj8oUpdxnVs4f8XU8WnHkI4W8=
github.com/frankban/quicktest v1.14.6/go.mod h1:4ptaffx2x8+WTWXmUCuVU6aPUX1/Mz7zb5vbUoiM6w0=
github.com/fsnotify/fsnotify v1.4.7/go.mod h1:jwhsz4b93w/PPRr/qN1Yymfu8t87LnFCMoQvtojpjFo=
github.com/fsnotify/fsnotify v1.8.0 h1:dAwr6QBTBZIkG8roQaJjGof0pp0EeF+tNV7YBP3F/8M=
github.com/fsnotify/fsnotify v1.8.0/go.mod h1:8jBTzvmWwFyi3Pb8djgCCO5IBqzKJ/Jwo8TRcHyHii0=
github.com/fxamacker/cbor/v2 v2.7.0 h1:iM5WgngdRBanHcxugY4JySA0nk1wZorNOpTgCMedv5E=
github.com/fxamacker/cbor/v2 v2.7.0/go.mod h1:pxXPTn3joSm21Gbwsv0w9OSA2y1HFR9qXEeXQVeNoDQ=
github.com/gammazero/deque v0.2.0 h1:SkieyNB4bg2/uZZLxvya0Pq6diUlwx7m2TeT7GAIWaA=
github.com/gammazero/deque v0.2.0/go.mod h1:LFroj8x4cMYCukHJDbxFCkT+r9AndaJnFMuZDV34tuU=
github.com/gammazero/workerpool v1.1.3 h1:WixN4xzukFoN0XSeXF6puqEqFTl2mECI9S6W44HWy9Q=
github.com/gammazero/workerpool v1.1.3/go.mod h1:wPjyBLDbyKnUn2XwwyD3EEwo9dHutia9/fwNmSHWACc=
github.com/go-logr/logr v1.2.2/go.mod h1:jdQByPbusPIv2/zmleS9BjJVeZ6kBagPoEUsqbVz/1A=
github.com/go-logr/logr v1.4.2 h1:6pFjapn8bFcIbiKo3XT4j/BhANplGihG6tvd+8rYgrY=
github.com/go-logr/logr v1.4.2/go.mod h1:9T104GzyrTigFIr8wt5mBrctHMim0Nb2HLGrmQ40KvY=
github.com/go-logr/stdr v1.2.2 h1:hSWxHoqTgW2S2qGc0LTAI563KZ5YKYRhT3MFKZMbjag=
github.com/go-logr/stdr v1.2.2/go.mod h1:mMo/vtBO5dYbehREoey6XUKy/eSumjCCveDpRre4VKE=
github.com/go-ole/go-ole v1.2.6/go.mod h1:pprOEPIfldk/42T2oK7lQ4v4JSDwmV0As9GaiUsvbm0=
github.com/go-ole/go-ole v1.3.0 h1:Dt6ye7+vXGIKZ7Xtk4s6/xVdGDQynvom7xCFEdWr6uE=
github.com/go-ole/go-ole v1.3.0/go.mod h1:5LS6F96DhAwUc7C+1HLexzMXY1xGRSryjyPPKW6zv78=
github.com/go-openapi/jsonpointer v0.19.6/go.mod h1:osyAmYz/mB/C3I+WsTTSgw1ONzaLJoLCyoi6/zppojs=
github.com/go-openapi/jsonpointer v0.21.0 h1:YgdVicSA9vH5RiHs9TZW5oyafXZFc6+2Vc1rr/O9oNQ=
github.com/go-openapi/jsonpointer v0.21.0/go.mod h1:IUyH9l/+uyhIYQ/PXVA41Rexl+kOkAPDdXEYns6fzUY=
github.com/go-openapi/jsonreference v0.20.2 h1:3sVjiK66+uXK/6oQ8xgcRKcFgQ5KXa2KvnJRumpMGbE=
github.com/go-openapi/jsonreference v0.20.2/go.mod h1:Bl1zwGIM8/wsvqjsOQLJ/SH+En5Ap4rVB5KVcIDZG2k=
github.com/go-openapi/swag v0.22.3/go.mod h1:UzaqsxGiab7freDnrUUra0MwWfN/q7tE4j+VcZ0yl14=
github.com/go-openapi/swag v0.23.0 h1:vsEVJDUo2hPJ2tu0/Xc+4noaxyEffXNIs3cOULZ+GrE=
github.com/go-openapi/swag v0.23.0/go.mod h1:esZ8ITTYEsH1V2trKHjAN8Ai7xHb8RV+YSZ577vPjgQ=
github.com/go-sql-driver/mysql v1.7.0 h1:ueSltNNllEqE3qcWBTD0iQd3IpL/6U+mJxLkazJ7YPc=
github.com/go-sql-driver/mysql v1.7.0/go.mod h1:OXbVy3sEdcQ2Doequ6Z5BW6fXNQTmx+9S1MCJN5yJMI=
github.com/go-task/slim-sprig/v3 v3.0.0 h1:sUs3vkvUymDpBKi3qH1YSqBQk9+9D/8M2mN1vB6EwHI=
github.com/go-task/slim-sprig/v3 v3.0.0/go.mod h1:W848ghGpv3Qj3dhTPRyJypKRiqCdHZiAzKg9hl15HA8=
github.com/goccy/go-json v0.8.1 h1:4/Wjm0JIJaTDm8K1KcGrLHJoa8EsJ13YWeX+6Kfq6uI=
github.com/goccy/go-json v0.8.1/go.mod h1:6MelG93GURQebXPDq3khkgXZkazVtN9CRI+MGFi0w8I=
github.com/gogo/protobuf v1.3.2 h1:Ov1cvc58UF3b5XjBnZv7+opcTcQFZebYjWzi34vdm4Q=
github.com/gogo/protobuf v1.3.2/go.mod h1:P1XiOD3dCwIKUDQYPy72D8LYyHL2YPYrpS2s69NZV8Q=
github.com/golang/protobuf v1.2.0/go.mod h1:6lQm79b+lXiMfvg/cZm0SGofjICqVBUtrP5yJMmIC1U=
github.com/golang/protobuf v1.5.4 h1:i7eJL8qZTpSEXOPTxNKhASYpMn+8e5Q6AdndVa1dWek=
github.com/golang/protobuf v1.5.4/go.mod h1:lnTiLA8Wa4RWRcIUkrtSVa5nRhsEGBg48fD6rSs7xps=
github.com/golang/snappy v0.0.0-20180518054509-2e65f85255db/go.mod h1:/XxbfmMg8lxefKM7IXC3fBNl/7bRcc72aCRzEWrmP2Q=
github.com/golang/snappy v0.0.4 h1:yAGX7huGHXlcLOEtBnF4w7FQwA26wojNCwOYAEhLjQM=
github.com/golang/snappy v0.0.4/go.mod h1:/XxbfmMg8lxefKM7IXC3fBNl/7bRcc72aCRzEWrmP2Q=
github.com/google/gnostic-models v0.6.9 h1:MU/8wDLif2qCXZmzncUQ/BOfxWfthHi63KqpoNbWqVw=
github.com/google/gnostic-models v0.6.9/go.mod h1:CiWsm0s6BSQd1hRn8/QmxqB6BesYcbSZxsz9b0KuDBw=
github.com/google/go-cmp v0.5.6/go.mod h1:v8dTdLbMG2kIc/vJvl+f65V22dbkXbowE6jgT/gNBxE=
github.com/google/go-cmp v0.5.9/go.mod h1:17dUlkBOakJ0+DkrSSNjCkIjxS6bF9zb3elmeNGIjoY=
github.com/google/go-cmp v0.7.0 h1:wk8382ETsv4JYUZwIsn6YpYiWiBsYLSJiTsyBybVuN8=
github.com/google/go-cmp v0.7.0/go.mod h1:pXiqmnSA92OHEEa9HXL2W4E7lf9JzCmGVUdgjX3N/iU=
github.com/google/gofuzz v1.0.0/go.mod h1:dBl0BpW6vV/+mYPU4Po3pmUjxk6FQPldtuIdl/M65Eg=
github.com/google/pprof v0.0.0-20241029153458-d1b30febd7db h1:097atOisP2aRj7vFgYQBbFN4U4JNXUNYpxael3UzMyo=
github.com/google/pprof v0.0.0-20241029153458-d1b30febd7db/go.mod h1:vavhavw2zAxS5dIdcRluK6cSGGPlZynqzFM8NdvU144=
github.com/google/uuid v1.6.0 h1:NIvaJDMOsjHA8n1jAhLSgzrAzy1Hgr+hNrb57e+94F0=
github.com/google/uuid v1.6.0/go.mod h1:TIyPZe4MgqvfeYDBFedMoGGpEw/LqOeaOT+nhxU+yHo=
github.com/gorilla/websocket v1.5.4-0.20250319132907-e064f32e3674 h1:JeSE6pjso5THxAzdVpqr6/geYxZytqFMBCOtn/ujyeo=
github.com/gorilla/websocket v1.5.4-0.20250319132907-e064f32e3674/go.mod h1:r4w70xmWCQKmi1ONH4KIaBptdivuRPyosB9RmPlGEwA=
github.com/hashicorp/hcl v1.0.0 h1:0Anlzjpi4vEasTeNFn2mLJgTSwt0+6sfsiTG8qcWGx4=
github.com/hashicorp/hcl v1.0.0/go.mod h1:E5yfLk+7swimpb2L/Alb/PJmXilQ/rhwaUYs4T20WEQ=
github.com/hpcloud/tail v1.0.0 h1:nfCOvKYfkgYP8hkirhJocXT2+zOD8yUNjXaWfTlyFKI=
github.com/hpcloud/tail v1.0.0/go.mod h1:ab1qPbhIpdTxEkNHXyeSf5vhxWSCs/tWer42PpOxQnU=
github.com/jessevdk/go-flags v1.4.0/go.mod h1:4FA24M0QyGHXBuZZK/XkWh8h0e1EYbRYJSGM75WSRxI=
github.com/josharian/intern v1.0.0 h1:vlS4z54oSdjm0bgjRigI+G1HpF+tI+9rE5LLzOg8HmY=
github.com/josharian/intern v1.0.0/go.mod h1:5DoeVV0s6jJacbCEi61lwdGj/aVlrQvzHFFd8Hwg//Y=
github.com/jpillora/backoff v1.0.0 h1:uvFg412JmmHBHw7iwprIxkPMI+sGQ4kzOWsMeHnm2EA=
github.com/jpillora/backoff v1.0.0/go.mod h1:J/6gKK9jxlEcS3zixgDgUAsiuZ7yrSoa/FX5e0EB2j4=
github.com/json-iterator/go v1.1.12 h1:PV8peI4a0ysnczrg+LtxykD8LfKY9ML6u2jnxaEnrnM=
github.com/json-iterator/go v1.1.12/go.mod h1:e30LSqwooZae/UwlEbR2852Gd8hjQvJoHmT4TnhNGBo=
github.com/kballard/go-shellquote v0.0.0-20180428030007-95032a82bc51 h1:Z9n2FFNUXsshfwJMBgNA0RU6/i7WVaAegv3PtuIHPMs=
github.com/kballard/go-shellquote v0.0.0-20180428030007-95032a82bc51/go.mod h1:CzGEWj7cYgsdH8dAjBGEr58BoE7ScuLd+fwFZ44+/x8=
github.com/kisielk/errcheck v1.5.0/go.mod h1:pFxgyoBC7bSaBwPgfKdkLd5X25qrDl4LWUI2bnpBCr8=
github.com/kisielk/gotool v1.0.0/go.mod h1:XhKaO+MFFWcvkIS/tQcRk01m1F5IRFswLeQ+oQHNcck=
github.com/kr/pretty v0.2.1/go.mod h1:ipq/a2n7PKx3OHsz4KJII5eveXtPO4qwEXGdVfWzfnI=
github.com/kr/pretty v0.3.1 h1:flRD4NNwYAUpkphVc1HcthR4KEIFJ65n8Mw5qdRn3LE=
github.com/kr/pretty v0.3.1/go.mod h1:hoEshYVHaxMs3cyo3Yncou5ZscifuDolrwPKZanG3xk=
github.com/kr/pty v1.1.1/go.mod h1:pFQYn66WHrOpPYNljwOMqo10TkYh1fy3cYio2l3bCsQ=
github.com/kr/text v0.1.0/go.mod h1:4Jbv+DJW3UT/LiOwJeYQe1efqtUx/iVham/4vfdArNI=
github.com/kr/text v0.2.0 h1:5Nx0Ya0ZqY2ygV366QzturHI13Jq95ApcVaJBhpS+AY=
github.com/kr/text v0.2.0/go.mod h1:eLer722TekiGuMkidMxC/pM04lWEeraHUUmBw8l2grE=
github.com/leemcloughlin/gofarmhash v0.0.0-20160919192320-0a055c5b87a8 h1:cNufk+iHS/ZChvjjNI1i/ABH5pMIaKufavmiVrgu62Q=
github.com/leemcloughlin/gofarmhash v0.0.0-20160919192320-0a055c5b87a8/go.mod h1:f59bwMArqO7YmZZv21lKDV0fwP4N/vJZtL1/jv8wgaY=
github.com/lufia/plan9stats v0.0.0-20211012122336-39d0f177ccd0 h1:6E+4a0GO5zZEnZ81pIr0yLvtUWk2if982qA3F3QD6H4=
github.com/lufia/plan9stats v0.0.0-20211012122336-39d0f177ccd0/go.mod h1:zJYVVT2jmtg6P3p1VtQj7WsuWi/y4VnjVBn7F8KPB3I=
github.com/magiconair/properties v1.8.9 h1:nWcCbLq1N2v/cpNsy5WvQ37Fb+YElfq20WJ/a8RkpQM=
github.com/magiconair/properties v1.8.9/go.mod h1:Dhd985XPs7jluiymwWYZ0G4Z61jb3vdS329zhj2hYo0=
github.com/mailru/easyjson v0.7.7 h1:UGYAvKxe3sBsEDzO8ZeWOSlIQfWFlxbzLZe7hwFURr0=
github.com/mailru/easyjson v0.7.7/go.mod h1:xzfreul335JAWq5oZzymOObrkdz5UnU4kGfJJLY9Nlc=
github.com/mattn/go-isatty v0.0.17 h1:BTarxUcIeDqL27Mc+vyvdWYSL28zpIhv3RoTdsLMPng=
github.com/mattn/go-isatty v0.0.17/go.mod h1:kYGgaQfpe5nmfYZH+SKPsOc2e4SrIfOl2e/yFXSvRLM=
github.com/mattn/go-sqlite3 v1.14.16 h1:yOQRA0RpS5PFz/oikGwBEqvAWhWg5ufRz4ETLjwpU1Y=
github.com/mattn/go-sqlite3 v1.14.16/go.mod h1:2eHXhiwb8IkHr+BDWZGa96P6+rkvnG63S2DGjv9HUNg=
github.com/mitchellh/mapstructure v1.5.0 h1:jeMsZIYE/09sWLaz43PL7Gy6RuMjD2eJVyuac5Z2hdY=
github.com/mitchellh/mapstructure v1.5.0/go.mod h1:bFUtVrKA4DC2yAKiSyO/QUcy7e+RRV2QTWOzhPopBRo=
github.com/moby/spdystream v0.5.0 h1:7r0J1Si3QO/kjRitvSLVVFUjxMEb/YLj6S9FF62JBCU=
github.com/moby/spdystream v0.5.0/go.mod h1:xBAYlnt/ay+11ShkdFKNAG7LsyK/tmNBVvVOwrfMgdI=
github.com/modern-go/concurrent v0.0.0-20180228061459-e0a39a4cb421/go.mod h1:6dJC0mAP4ikYIbvyc7fijjWJddQyLn8Ig3JB5CqoB9Q=
github.com/modern-go/concurrent v0.0.0-20180306012644-bacd9c7ef1dd h1:TRLaZ9cD/w8PVh93nsPXa1VrQ6jlwL5oN8l14QlcNfg=
github.com/modern-go/concurrent v0.0.0-20180306012644-bacd9c7ef1dd/go.mod h1:6dJC0mAP4ikYIbvyc7fijjWJddQyLn8Ig3JB5CqoB9Q=
github.com/modern-go/reflect2 v1.0.2 h1:xBagoLtFs94CBntxluKeaWgTMpvLxC4ur3nMaC9Gz0M=
github.com/modern-go/reflect2 v1.0.2/go.mod h1:yWuevngMOJpCy52FWWMvUC8ws7m/LJsjYzDa0/r8luk=
github.com/munnerz/goautoneg v0.0.0-20191010083416-a7dc8b61c822 h1:C3w9PqII01/Oq1c1nUAm88MOHcQC9l5mIlSMApZMrHA=
github.com/munnerz/goautoneg v0.0.0-20191010083416-a7dc8b61c822/go.mod h1:+n7T8mK8HuQTcFwEeznm/DIxMOiR9yIdICNftLE1DvQ=
github.com/mwitkow/go-conntrack v0.0.0-20190716064945-2f068394615f h1:KUppIJq7/+SVif2QVs3tOP0zanoHgBEVAwHxUSIzRqU=
github.com/mwitkow/go-conntrack v0.0.0-20190716064945-2f068394615f/go.mod h1:qRWi+5nqEBWmkhHvq77mSJWrCKwh8bxhgT7d/eI7P4U=
github.com/mxk/go-flowrate v0.0.0-20140419014527-cca7078d478f h1:y5//uYreIhSUg3J1GEMiLbxo1LJaP8RfCpH6pymGZus=
github.com/mxk/go-flowrate v0.0.0-20140419014527-cca7078d478f/go.mod h1:ZdcZmHo+o7JKHSa8/e818NopupXU1YMK5fe1lsApnBw=
github.com/onsi/ginkgo v1.6.0/go.mod h1:lLunBs/Ym6LB5Z9jYTR76FiuTmxDTDusOGeTQH+WWjE=
github.com/onsi/ginkgo v1.7.0 h1:WSHQ+IS43OoUrWtD1/bbclrwK8TTH5hzp+umCiuxHgs=
github.com/onsi/ginkgo v1.7.0/go.mod h1:lLunBs/Ym6LB5Z9jYTR76FiuTmxDTDusOGeTQH+WWjE=
github.com/onsi/ginkgo/v2 v2.21.0 h1:7rg/4f3rB88pb5obDgNZrNHrQ4e6WpjonchcpuBRnZM=
github.com/onsi/ginkgo/v2 v2.21.0/go.mod h1:7Du3c42kxCUegi0IImZ1wUQzMBVecgIHjR1C+NkhLQo=
github.com/onsi/gomega v1.4.3/go.mod h1:ex+gbHU/CVuBBDIJjb2X0qEXbFg53c61hWP/1CpauHY=
github.com/onsi/gomega v1.35.1 h1:Cwbd75ZBPxFSuZ6T+rN/WCb/gOc6YgFBXLlZLhC7Ds4=
github.com/onsi/gomega v1.35.1/go.mod h1:PvZbdDc8J6XJEpDK4HCuRBm8a6Fzp9/DmhC9C7yFlog=
github.com/osquery/osquery-go v0.0.0-20250131154556-629f995b6947 h1:EDgVELFaHiQXln+fZs9Ib9aXJwBEfa2qBZMVpSUYbYM=
github.com/osquery/osquery-go v0.0.0-20250131154556-629f995b6947/go.mod h1:4cBOmXSmmDULG4bTOq0EFvIy5NUMNJMKbLDBMg6lhJE=
github.com/pelletier/go-toml/v2 v2.2.3 h1:YmeHyLY8mFWbdkNWwpr+qIL2bEqT0o95WSdkNHvL12M=
github.com/pelletier/go-toml/v2 v2.2.3/go.mod h1:MfCQTFTvCcUyyvvwm1+G6H/jORL20Xlb6rzQu9GuUkc=
github.com/pkg/errors v0.9.1 h1:FEBLx1zS214owpjy7qsBeixbURkuhQAwrK5UwLGTwt4=
github.com/pkg/errors v0.9.1/go.mod h1:bwawxfHBFNV+L2hUp1rHADufV3IMtnDRdf1r5NINEl0=
github.com/pmezard/go-difflib v1.0.0/go.mod h1:iKH77koFhYxTK1pcRnkKkqfTogsbg7gZNVY4sRDYZ/4=
github.com/pmezard/go-difflib v1.0.1-0.20181226105442-5d4384ee4fb2 h1:Jamvg5psRIccs7FGNTlIRMkT8wgtp5eCXdBlqhYGL6U=
github.com/pmezard/go-difflib v1.0.1-0.20181226105442-5d4384ee4fb2/go.mod h1:iKH77koFhYxTK1pcRnkKkqfTogsbg7gZNVY4sRDYZ/4=
github.com/power-devops/perfstat v0.0.0-20210106213030-5aafc221ea8c h1:ncq/mPwQF4JjgDlrVEn3C11VoGHZN7m8qihwgMEtzYw=
github.com/power-devops/perfstat v0.0.0-20210106213030-5aafc221ea8c/go.mod h1:OmDBASR4679mdNQnz2pUhc2G8CO2JrUAVFDRBDP/hJE=
github.com/prometheus/client_golang v1.23.0 h1:ust4zpdl9r4trLY/gSjlm07PuiBq2ynaXXlptpfy8Uc=
github.com/prometheus/client_golang v1.23.0/go.mod h1:i/o0R9ByOnHX0McrTMTyhYvKE4haaf2mW08I+jGAjEE=
github.com/prometheus/client_model v0.6.2 h1:oBsgwpGs7iVziMvrGhE53c/GrLUsZdHnqNwqPLxwZyk=
github.com/prometheus/client_model v0.6.2/go.mod h1:y3m2F6Gdpfy6Ut/GBsUqTWZqCUvMVzSfMLjcu6wAwpE=
github.com/prometheus/common v0.65.0 h1:QDwzd+G1twt//Kwj/Ww6E9FQq1iVMmODnILtW1t2VzE=
github.com/prometheus/common v0.65.0/go.mod h1:0gZns+BLRQ3V6NdaerOhMbwwRbNh9hkGINtQAsP5GS8=
github.com/prometheus/procfs v0.16.1 h1:hZ15bTNuirocR6u0JZ6BAHHmwS1p8B4P6MRqxtzMyRg=
github.com/prometheus/procfs v0.16.1/go.mod h1:teAbpZRB1iIAJYREa1LsoWUXykVXA1KlTmWl8x/U+Is=
github.com/remyoudompheng/bigfft v0.0.0-20200410134404-eec4a21b6bb0 h1:OdAsTTz6OkFY5QxjkYwrChwuRruF69c169dPK26NUlk=
github.com/remyoudompheng/bigfft v0.0.0-20200410134404-eec4a21b6bb0/go.mod h1:qqbHyh8v60DhA7CoWK5oRCqLrMHRGoxYCSS9EjAz6Eo=
github.com/robfig/cron/v3 v3.0.1 h1:WdRxkvbJztn8LMz/QEvLN5sBU+xKpSqwwUO1Pjr4qDs=
github.com/robfig/cron/v3 v3.0.1/go.mod h1:eQICP3HwyT7UooqI/z+Ov+PtYAWygg1TEWWzGIFLtro=
github.com/rogpeppe/go-internal v1.13.1 h1:KvO1DLK/DRN07sQ1LQKScxyZJuNnedQ5/wKSR38lUII=
github.com/rogpeppe/go-internal v1.13.1/go.mod h1:uMEvuHeurkdAXX61udpOXGD/AzZDWNMNyH2VO9fmH0o=
github.com/sagikazarmark/locafero v0.6.0 h1:ON7AQg37yzcRPU69mt7gwhFEBwxI6P9T4Qu3N51bwOk=
github.com/sagikazarmark/locafero v0.6.0/go.mod h1:77OmuIc6VTraTXKXIs/uvUxKGUXjE1GbemJYHqdNjX0=
github.com/sagikazarmark/slog-shim v0.1.0 h1:diDBnUNK9N/354PgrxMywXnAwEr1QZcOr6gto+ugjYE=
github.com/sagikazarmark/slog-shim v0.1.0/go.mod h1:SrcSrq8aKtyuqEI1uvTDTK1arOWRIczQRv+GVI1AkeQ=
github.com/shirou/gopsutil/v4 v4.24.12 h1:qvePBOk20e0IKA1QXrIIU+jmk+zEiYVVx06WjBRlZo4=
github.com/shirou/gopsutil/v4 v4.24.12/go.mod h1:DCtMPAad2XceTeIAbGyVfycbYQNBGk2P8cvDi7/VN9o=
github.com/sirupsen/logrus v1.9.3 h1:dueUQJ1C2q9oE3F7wvmSGAaVtTmUizReu6fjN8uqzbQ=
github.com/sirupsen/logrus v1.9.3/go.mod h1:naHLuLoDiP4jHNo9R0sCBMtWGeIprob74mVsIT4qYEQ=
github.com/sourcegraph/conc v0.3.0 h1:OQTbbt6P72L20UqAkXXuLOj79LfEanQ+YQFNpLA9ySo=
github.com/sourcegraph/conc v0.3.0/go.mod h1:Sdozi7LEKbFPqYX2/J+iBAM6HpqSLTASQIKqDmF7Mt0=
github.com/spf13/afero v1.11.0 h1:WJQKhtpdm3v2IzqG8VMqrr6Rf3UYpEF239Jy9wNepM8=
github.com/spf13/afero v1.11.0/go.mod h1:GH9Y3pIexgf1MTIWtNGyogA5MwRIDXGUr+hbWNoBjkY=
github.com/spf13/cast v1.7.1 h1:cuNEagBQEHWN1FnbGEjCXL2szYEXqfJPbP2HNUaca9Y=
github.com/spf13/cast v1.7.1/go.mod h1:ancEpBxwJDODSW/UG4rDrAqiKolqNNh2DX3mk86cAdo=
github.com/spf13/pflag v1.0.5 h1:iy+VFUOCP1a+8yFto/drg2CJ5u0yRoB7fZw3DKv/JXA=
github.com/spf13/pflag v1.0.5/go.mod h1:McXfInJRrz4CZXVZOBLb0bTZqETkiAhM9Iw0y3An2Bg=
github.com/spf13/viper v1.19.0 h1:RWq5SEjt8o25SROyN3z2OrDB9l7RPd3lwTWU8EcEdcI=
github.com/spf13/viper v1.19.0/go.mod h1:GQUN9bilAbhU/jgc1bKs99f/suXKeUMct8Adx5+Ntkg=
github.com/stretchr/objx v0.1.0/go.mod h1:HFkY916IF+rwdDfMAkV7OtwuqBVzrE8GR6GFx+wExME=
github.com/stretchr/objx v0.4.0/go.mod h1:YvHI0jy2hoMjB+UWwv71VJQ9isScKT/TqJzVSSt89Yw=
github.com/stretchr/objx v0.5.0/go.mod h1:Yh+to48EsGEfYuaHDzXPcE3xhTkx73EhmCGUpEOglKo=
github.com/stretchr/objx v0.5.2 h1:xuMeJ0Sdp5ZMRXx/aWO6RZxdr3beISkG5/G/aIRr3pY=
github.com/stretchr/objx v0.5.2/go.mod h1:FRsXN1f5AsAjCGJKqEizvkpNtU+EGNCLh3NxZ/8L+MA=
github.com/stretchr/testify v1.3.0/go.mod h1:M5WIy9Dh21IEIfnGCwXGc5bZfKNJtfHm1UVUgZn+9EI=
github.com/stretchr/testify v1.7.0/go.mod h1:6Fq8oRcR53rry900zMqJjRRixrwX3KX962/h/Wwjteg=
github.com/stretchr/testify v1.7.1/go.mod h1:6Fq8oRcR53rry900zMqJjRRixrwX3KX962/h/Wwjteg=
github.com/stretchr/testify v1.8.0/go.mod h1:yNjHg4UonilssWZ8iaSj1OCr/vHnekPRkoO+kdMU+MU=
github.com/stretchr/testify v1.8.1/go.mod h1:w2LPCIKwWwSfY2zedu0+kehJoqGctiVI29o6fzry7u4=
github.com/stretchr/testify v1.10.0 h1:Xv5erBjTwe/5IxqUQTdXv5kgmIvbHo3QQyRwhJsOfJA=
github.com/stretchr/testify v1.10.0/go.mod h1:r2ic/lqez/lEtzL7wO/rwa5dbSLXVDPFyf8C91i36aY=
github.com/subosito/gotenv v1.6.0 h1:9NlTDc1FTs4qu0DDq7AEtTPNw6SVm7uBMsUCUjABIf8=
github.com/subosito/gotenv v1.6.0/go.mod h1:Dk4QP5c2W3ibzajGcXpNraDfq2IrhjMIvMSWPKKo0FU=
github.com/super-l/machine-code v0.0.0-20241121142923-4cb40646deba h1:C5gpfEvyVK0LsmUr/Tcy0i2uBxSA2W77Hc7uVce+7LM=
github.com/super-l/machine-code v0.0.0-20241121142923-4cb40646deba/go.mod h1:6oTChH5PcxwHUciRyeSdxJHeTLoMkiAg3gMjIounfZg=
github.com/syndtr/goleveldb v1.0.0 h1:fBdIW9lB4Iz0n9khmH8w27SJ3QEJ7+IgjPEwGSZiFdE=
github.com/syndtr/goleveldb v1.0.0/go.mod h1:ZVVdQEZoIme9iO1Ch2Jdy24qqXrMMOU6lpPAyBWyWuQ=
github.com/tklauser/go-sysconf v0.3.12 h1:0QaGUFOdQaIVdPgfITYzaTegZvdCjmYO52cSFAEVmqU=
github.com/tklauser/go-sysconf v0.3.12/go.mod h1:Ho14jnntGE1fpdOqQEEaiKRpvIavV0hSfmBq8nJbHYI=
github.com/tklauser/numcpus v0.6.1 h1:ng9scYS7az0Bk4OZLvrNXNSAO2Pxr1XXRAPyjhIx+Fk=
github.com/tklauser/numcpus v0.6.1/go.mod h1:1XfjsgE2zo8GVw7POkMbHENHzVg3GzmoZ9fESEdAacY=
github.com/x448/float16 v0.8.4 h1:qLwI1I70+NjRFUR3zs1JPUCgaCXSh3SW62uAKT1mSBM=
github.com/x448/float16 v0.8.4/go.mod h1:14CWIYCyZA/cWjXOioeEpHeN/83MdbZDRQHoFcYsOfg=
github.com/yuin/goldmark v1.1.27/go.mod h1:3hX8gzYuyVAZsxl0MRgGTJEmQBFcNTphYh9decYSb74=
github.com/yuin/goldmark v1.2.1/go.mod h1:3hX8gzYuyVAZsxl0MRgGTJEmQBFcNTphYh9decYSb74=
github.com/yusufpapurcu/wmi v1.2.4 h1:zFUKzehAFReQwLys1b/iSMl+JQGSCSjtVqQn9bBrPo0=
github.com/yusufpapurcu/wmi v1.2.4/go.mod h1:SBZ9tNy3G9/m5Oi98Zks0QjeHVDvuK0qfxQmPyzfmi0=
go.opentelemetry.io/otel v1.31.0 h1:NsJcKPIW0D0H3NgzPDHmo0WW6SptzPdqg/L1zsIm2hY=
go.opentelemetry.io/otel v1.31.0/go.mod h1:O0C14Yl9FgkjqcCZAsE053C13OaddMYr/hz6clDkEJE=
go.opentelemetry.io/otel/metric v1.31.0 h1:FSErL0ATQAmYHUIzSezZibnyVlft1ybhy4ozRPcF2fE=
go.opentelemetry.io/otel/metric v1.31.0/go.mod h1:C3dEloVbLuYoX41KpmAhOqNriGbA+qqH6PQ5E5mUfnY=
go.opentelemetry.io/otel/sdk v1.31.0 h1:xLY3abVHYZ5HSfOg3l2E5LUj2Cwva5Y7yGxnSW9H5Gk=
go.opentelemetry.io/otel/sdk v1.31.0/go.mod h1:TfRbMdhvxIIr/B2N2LQW2S5v9m3gOQ/08KsbbO5BPT0=
go.opentelemetry.io/otel/sdk/metric v1.31.0 h1:i9hxxLJF/9kkvfHppyLL55aW7iIJz4JjxTeYusH7zMc=
go.opentelemetry.io/otel/sdk/metric v1.31.0/go.mod h1:CRInTMVvNhUKgSAMbKyTMxqOBC0zgyxzW55lZzX43Y8=
go.opentelemetry.io/otel/trace v1.31.0 h1:ffjsj1aRouKewfr85U2aGagJ46+MvodynlQ1HYdmJys=
go.opentelemetry.io/otel/trace v1.31.0/go.mod h1:TXZkRk7SM2ZQLtR6eoAWQFIHPvzQ06FJAsO1tJg480A=
go.uber.org/goleak v1.3.0 h1:2K3zAYmnTNqV73imy9J1T3WC+gmCePx2hEGkimedGto=
go.uber.org/goleak v1.3.0/go.mod h1:CoHD4mav9JJNrW/WLlf7HGZPjdw8EucARQHekz1X6bE=
go.uber.org/multierr v1.11.0 h1:blXXJkSxSSfBVBlC76pxqeO+LN3aDfLQo+309xJstO0=
go.uber.org/multierr v1.11.0/go.mod h1:20+QtiLqy0Nd6FdQB9TLXag12DsQkrbs3htMFfDN80Y=
golang.org/x/crypto v0.0.0-20190308221718-c2843e01d9a2/go.mod h1:djNgcEr1/C05ACkg1iLfiJU5Ep61QUkGW8qpdssI0+w=
golang.org/x/crypto v0.0.0-20191011191535-87dc89f01550/go.mod h1:yigFU9vqHzYiE8UmvKecakEJjdnWj3jj499lnFckfCI=
golang.org/x/crypto v0.0.0-20200622213623-75b288015ac9/go.mod h1:LzIPMQfyMNhhGPhUkYOs5KpL4U8rLKemX1yGLhDgUto=
golang.org/x/exp v0.0.0-20250103183323-7d7fa50e5329 h1:9kj3STMvgqy3YA4VQXBrN7925ICMxD5wzMRcgA30588=
golang.org/x/exp v0.0.0-20250103183323-7d7fa50e5329/go.mod h1:qj5a5QZpwLU2NLQudwIN5koi3beDhSAlJwa67PuM98c=
golang.org/x/mod v0.2.0/go.mod h1:s0Qsj1ACt9ePp/hMypM3fl4fZqREWJwdYDEqhRiZZUA=
golang.org/x/mod v0.3.0/go.mod h1:s0Qsj1ACt9ePp/hMypM3fl4fZqREWJwdYDEqhRiZZUA=
golang.org/x/mod v0.22.0 h1:D4nJWe9zXqHOmWqj4VMOJhvzj7bEZg4wEYa759z1pH4=
golang.org/x/mod v0.22.0/go.mod h1:6SkKJ3Xj0I0BrPOZoBy3bdMptDDU9oJrpohJ3eWZ1fY=
golang.org/x/net v0.0.0-20180906233101-161cd47e91fd/go.mod h1:mL1N/T3taQHkDXs73rZJwtUhF3w3ftmwwsq0BUmARs4=
golang.org/x/net v0.0.0-20190404232315-eb5bcb51f2a3/go.mod h1:t9HGtf8HONx5eT2rtn7q6eTqICYqUVnKs3thJo3Qplg=
golang.org/x/net v0.0.0-20190620200207-3b0461eec859/go.mod h1:z5CRVTTTmAJ677TzLLGU+0bjPO0LkuOLi4/5GtJWs/s=
golang.org/x/net v0.0.0-20200226121028-0de0cce0169b/go.mod h1:z5CRVTTTmAJ677TzLLGU+0bjPO0LkuOLi4/5GtJWs/s=
golang.org/x/net v0.0.0-20201021035429-f5854403a974/go.mod h1:sp8m0HH+o8qH0wwXwYZr8TS3Oi6o0r6Gce1SSxlDquU=
golang.org/x/net v0.40.0 h1:79Xs7wF06Gbdcg4kdCCIQArK11Z1hr5POQ6+fIYHNuY=
golang.org/x/net v0.40.0/go.mod h1:y0hY0exeL2Pku80/zKK7tpntoX23cqL3Oa6njdgRtds=
golang.org/x/oauth2 v0.30.0 h1:dnDm7JmhM45NNpd8FDDeLhK6FwqbOf4MLCM9zb1BOHI=
golang.org/x/oauth2 v0.30.0/go.mod h1:B++QgG3ZKulg6sRPGD/mqlHQs5rB3Ml9erfeDY7xKlU=
golang.org/x/sync v0.0.0-20180314180146-1d60e4601c6f/go.mod h1:RxMgew5VJxzue5/jJTE5uejpjVlOe/izrB70Jof72aM=
golang.org/x/sync v0.0.0-20190423024810-112230192c58/go.mod h1:RxMgew5VJxzue5/jJTE5uejpjVlOe/izrB70Jof72aM=
golang.org/x/sync v0.0.0-20190911185100-cd5d95a43a6e/go.mod h1:RxMgew5VJxzue5/jJTE5uejpjVlOe/izrB70Jof72aM=
golang.org/x/sync v0.0.0-20201020160332-67f06af15bc9/go.mod h1:RxMgew5VJxzue5/jJTE5uejpjVlOe/izrB70Jof72aM=
golang.org/x/sync v0.14.0 h1:woo0S4Yywslg6hp4eUFjTVOyKt0RookbpAHG4c1HmhQ=
golang.org/x/sync v0.14.0/go.mod h1:1dzgHSNfp02xaA81J2MS99Qcpr2w7fw1gpm99rleRqA=
golang.org/x/sys v0.0.0-20180909124046-d0be0721c37e/go.mod h1:STP8DvDyc/dI5b8T5hshtkjS+E42TnysNCUPdjciGhY=
golang.org/x/sys v0.0.0-20190215142949-d0b11bdaac8a/go.mod h1:STP8DvDyc/dI5b8T5hshtkjS+E42TnysNCUPdjciGhY=
golang.org/x/sys v0.0.0-20190412213103-97732733099d/go.mod h1:h1NjWce9XRLGQEsW7wpKNCjG9DtNlClVuFLEZdDNbEs=
golang.org/x/sys v0.0.0-20190916202348-b4ddaad3f8a3/go.mod h1:h1NjWce9XRLGQEsW7wpKNCjG9DtNlClVuFLEZdDNbEs=
golang.org/x/sys v0.0.0-20200930185726-fdedc70b468f/go.mod h1:h1NjWce9XRLGQEsW7wpKNCjG9DtNlClVuFLEZdDNbEs=
golang.org/x/sys v0.0.0-20201204225414-ed752295db88/go.mod h1:h1NjWce9XRLGQEsW7wpKNCjG9DtNlClVuFLEZdDNbEs=
golang.org/x/sys v0.0.0-20220715151400-c0bba94af5f8/go.mod h1:oPkhp1MJrh7nUepCBck5+mAzfO9JrbApNNgaTdGDITg=
golang.org/x/sys v0.1.0/go.mod h1:oPkhp1MJrh7nUepCBck5+mAzfO9JrbApNNgaTdGDITg=
golang.org/x/sys v0.8.0/go.mod h1:oPkhp1MJrh7nUepCBck5+mAzfO9JrbApNNgaTdGDITg=
golang.org/x/sys v0.11.0/go.mod h1:oPkhp1MJrh7nUepCBck5+mAzfO9JrbApNNgaTdGDITg=
golang.org/x/sys v0.33.0 h1:q3i8TbbEz+JRD9ywIRlyRAQbM0qF7hu24q3teo2hbuw=
golang.org/x/sys v0.33.0/go.mod h1:BJP2sWEmIv4KK5OTEluFJCKSidICx8ciO85XgH3Ak8k=
golang.org/x/term v0.32.0 h1:DR4lr0TjUs3epypdhTOkMmuF5CDFJ/8pOnbzMZPQ7bg=
golang.org/x/term v0.32.0/go.mod h1:uZG1FhGx848Sqfsq4/DlJr3xGGsYMu/L5GW4abiaEPQ=
golang.org/x/text v0.3.0/go.mod h1:NqM8EUOU14njkJ3fqMW+pc6Ldnwhi/IjpwHt7yyuwOQ=
golang.org/x/text v0.3.3/go.mod h1:5Zoc/QRtKVWzQhOtBMvqHzDpF6irO9z98xDceosuGiQ=
golang.org/x/text v0.25.0 h1:qVyWApTSYLk/drJRO5mDlNYskwQznZmkpV2c8q9zls4=
golang.org/x/text v0.25.0/go.mod h1:WEdwpYrmk1qmdHvhkSTNPm3app7v4rsT8F2UD6+VHIA=
golang.org/x/time v0.9.0 h1:EsRrnYcQiGH+5FfbgvV4AP7qEZstoyrHB0DzarOQ4ZY=
golang.org/x/time v0.9.0/go.mod h1:3BpzKBy/shNhVucY/MWOyx10tF3SFh9QdLuxbVysPQM=
golang.org/x/tools v0.0.0-20180917221912-90fa682c2a6e/go.mod h1:n7NCudcB/nEzxVGmLbDWY5pfWTLqBcC2KZ6jyYvM4mQ=
golang.org/x/tools v0.0.0-20191119224855-298f0cb1881e/go.mod h1:b+2E5dAYhXwXZwtnZ6UAqBI28+e2cm9otk0dWdXHAEo=
golang.org/x/tools v0.0.0-20200619180055-7c47624df98f/go.mod h1:EkVYQZoAsY45+roYkvgYkIh4xh/qjgUK9TdY2XT94GE=
golang.org/x/tools v0.0.0-20210106214847-113979e3529a/go.mod h1:emZCQorbCU4vsT4fOWvOPXz4eW1wZW4PmDk9uLelYpA=
golang.org/x/tools v0.28.0 h1:WuB6qZ4RPCQo5aP3WdKZS7i595EdWqWR8vqJTlwTVK8=
golang.org/x/tools v0.28.0/go.mod h1:dcIOrVd3mfQKTgrDVQHqCPMWy6lnhfhtX3hLXYVLfRw=
golang.org/x/xerrors v0.0.0-20190717185122-a985d3407aa7/go.mod h1:I/5z698sn9Ka8TeJc9MKroUUfqBBauWjQqLJ2OPfmY0=
golang.org/x/xerrors v0.0.0-20191011141410-1b5146add898/go.mod h1:I/5z698sn9Ka8TeJc9MKroUUfqBBauWjQqLJ2OPfmY0=
golang.org/x/xerrors v0.0.0-20191204190536-9bdfabe68543/go.mod h1:I/5z698sn9Ka8TeJc9MKroUUfqBBauWjQqLJ2OPfmY0=
golang.org/x/xerrors v0.0.0-20200804184101-5ec99f83aff1/go.mod h1:I/5z698sn9Ka8TeJc9MKroUUfqBBauWjQqLJ2OPfmY0=
google.golang.org/genproto/googleapis/rpc v0.0.0-20250102185135-69823020774d h1:xJJRGY7TJcvIlpSrN3K6LAWgNFUILlO+OMAqtg9aqnw=
google.golang.org/genproto/googleapis/rpc v0.0.0-20250102185135-69823020774d/go.mod h1:3ENsm/5D1mzDyhpzeRi1NR784I0BcofWBoSc5QqqMK4=
google.golang.org/grpc v1.69.2 h1:U3S9QEtbXC0bYNvRtcoklF3xGtLViumSYxWykJS+7AU=
google.golang.org/grpc v1.69.2/go.mod h1:vyjdE6jLBI76dgpDojsFGNaHlxdjXN9ghpnd2o7JGZ4=
google.golang.org/protobuf v1.36.6 h1:z1NpPI8ku2WgiWnf+t9wTPsn6eP1L7ksHUlkfLvd9xY=
google.golang.org/protobuf v1.36.6/go.mod h1:jduwjTPXsFjZGTmRluh+L6NjiWu7pchiJ2/5YcXBHnY=
gopkg.in/check.v1 v0.0.0-20161208181325-20d25e280405/go.mod h1:Co6ibVJAznAaIkqp8huTwlJQCZ016jof/cbN4VW5Yz0=
gopkg.in/check.v1 v1.0.0-20201130134442-10cb98267c6c h1:Hei/4ADfdWqJk1ZMxUNpqntNwaWcugrBjAiHlqqRiVk=
gopkg.in/check.v1 v1.0.0-20201130134442-10cb98267c6c/go.mod h1:JHkPIbrfpd72SG/EVd6muEfDQjcINNoR0C8j2r3qZ4Q=
gopkg.in/evanphx/json-patch.v4 v4.12.0 h1:n6jtcsulIzXPJaxegRbvFNNrZDjbij7ny3gmSPG+6V4=
gopkg.in/evanphx/json-patch.v4 v4.12.0/go.mod h1:p8EYWUEYMpynmqDbY58zCKCFZw8pRWMG4EsWvDvM72M=
gopkg.in/fsnotify.v1 v1.4.7 h1:xOHLXZwVvI9hhs+cLKq5+I5onOuwQLhQwiu63xxlHs4=
gopkg.in/fsnotify.v1 v1.4.7/go.mod h1:Tz8NjZHkW78fSQdbUxIjBTcgA1z1m8ZHf0WmKUhAMys=
gopkg.in/inf.v0 v0.9.1 h1:73M5CoZyi3ZLMOyDlQh031Cx6N9NDJ2Vvfl76EDAgDc=
gopkg.in/inf.v0 v0.9.1/go.mod h1:cWUDdTG/fYaXco+Dcufb5Vnc6Gp2YChqWtbxRZE0mXw=
gopkg.in/ini.v1 v1.67.0 h1:Dgnx+6+nfE+IfzjUEISNeydPJh9AXNNsWbGP9KzCsOA=
gopkg.in/ini.v1 v1.67.0/go.mod h1:pNLf8WUiyNEtQjuu5G5vTm06TEv9tsIgeAvK8hOrP4k=
gopkg.in/tomb.v1 v1.0.0-20141024135613-dd632973f1e7 h1:uRGJdciOHaEIrze2W8Q3AKkepLTh2hOroT7a+7czfdQ=
gopkg.in/tomb.v1 v1.0.0-20141024135613-dd632973f1e7/go.mod h1:dt/ZhP58zS4L8KSrWDmTeBkI65Dw0HsyUHuEVlX15mw=
gopkg.in/yaml.v1 v1.0.0-20140924161607-9f9df34309c0/go.mod h1:WDnlLJ4WF5VGsH/HVa3CI79GS0ol3YnhVnKP89i0kNg=
gopkg.in/yaml.v2 v2.2.1/go.mod h1:hI93XBmqTisBFMUTm0b8Fm+jr3Dg1NNxqwp+5A1VGuI=
gopkg.in/yaml.v2 v2.4.0 h1:D8xgwECY7CYvx+Y2n4sBz93Jn9JRvxdiyyo8CTfuKaY=
gopkg.in/yaml.v2 v2.4.0/go.mod h1:RDklbk79AGWmwhnvt/jBztapEOGDOx6ZbXqjP6csGnQ=
gopkg.in/yaml.v3 v3.0.0-20200313102051-9f266ea9e77c/go.mod h1:K4uyk7z7BCEPqu6E+C64Yfv1cQ7kz7rIZviUmN+EgEM=
gopkg.in/yaml.v3 v3.0.1 h1:fxVm/GzAzEWqLHuvctI91KS9hhNmmWOoWu0XTYJS7CA=
gopkg.in/yaml.v3 v3.0.1/go.mod h1:K4uyk7z7BCEPqu6E+C64Yfv1cQ7kz7rIZviUmN+EgEM=
howett.net/plist v1.0.1 h1:37GdZ8tP09Q35o9ych3ehygcsL+HqKSwzctveSlarvM=
howett.net/plist v1.0.1/go.mod h1:lqaXoTrLY4hg8tnEzNru53gicrbv7rrk+2xJA/7hw9g=
k8s.io/api v0.33.3 h1:SRd5t//hhkI1buzxb288fy2xvjubstenEKL9K51KBI8=
k8s.io/api v0.33.3/go.mod h1:01Y/iLUjNBM3TAvypct7DIj0M0NIZc+PzAHCIo0CYGE=
k8s.io/apimachinery v0.33.3 h1:4ZSrmNa0c/ZpZJhAgRdcsFcZOw1PQU1bALVQ0B3I5LA=
k8s.io/apimachinery v0.33.3/go.mod h1:BHW0YOu7n22fFv/JkYOEfkUYNRN0fj0BlvMFWA7b+SM=
k8s.io/client-go v0.33.3 h1:M5AfDnKfYmVJif92ngN532gFqakcGi6RvaOF16efrpA=
k8s.io/client-go v0.33.3/go.mod h1:luqKBQggEf3shbxHY4uVENAxrDISLOarxpTKMiUuujg=
k8s.io/klog/v2 v2.130.1 h1:n9Xl7H1Xvksem4KFG4PYbdQCQxqc/tTUyrgXaOhHSzk=
k8s.io/klog/v2 v2.130.1/go.mod h1:3Jpz1GvMt720eyJH1ckRHK1EDfpxISzJ7I9OYgaDtPE=
k8s.io/kube-openapi v0.0.0-20250318190949-c8a335a9a2ff h1:/usPimJzUKKu+m+TE36gUyGcf03XZEP0ZIKgKj35LS4=
k8s.io/kube-openapi v0.0.0-20250318190949-c8a335a9a2ff/go.mod h1:5jIi+8yX4RIb8wk3XwBo5Pq2ccx4FP10ohkbSKCZoK8=
k8s.io/utils v0.0.0-20241104100929-3ea5e8cea738 h1:M3sRQVHv7vB20Xc2ybTt7ODCeFj6JSWYFzOFnYeS6Ro=
k8s.io/utils v0.0.0-20241104100929-3ea5e8cea738/go.mod h1:OLgZIPagt7ERELqWJFomSt595RzquPNLL48iOWgYOg0=
lukechampine.com/uint128 v1.2.0 h1:mBi/5l91vocEN8otkC5bDLhi2KdCticRiwbdB0O+rjI=
lukechampine.com/uint128 v1.2.0/go.mod h1:c4eWIwlEGaxC/+H1VguhU4PHXNWDCDMUlWdIWl2j1gk=
modernc.org/cc/v3 v3.40.0 h1:P3g79IUS/93SYhtoeaHW+kRCIrYaxJ27MFPv+7kaTOw=
modernc.org/cc/v3 v3.40.0/go.mod h1:/bTg4dnWkSXowUO6ssQKnOV0yMVxDYNIsIrzqTFDGH0=
modernc.org/ccgo/v3 v3.16.13 h1:Mkgdzl46i5F/CNR/Kj80Ri59hC8TKAhZrYSaqvkwzUw=
modernc.org/ccgo/v3 v3.16.13/go.mod h1:2Quk+5YgpImhPjv2Qsob1DnZ/4som1lJTodubIcoUkY=
modernc.org/libc v1.22.2 h1:4U7v51GyhlWqQmwCHj28Rdq2Yzwk55ovjFrdPjs8Hb0=
modernc.org/libc v1.22.2/go.mod h1:uvQavJ1pZ0hIoC/jfqNoMLURIMhKzINIWypNM17puug=
modernc.org/mathutil v1.5.0 h1:rV0Ko/6SfM+8G+yKiyI830l3Wuz1zRutdslNoQ0kfiQ=
modernc.org/mathutil v1.5.0/go.mod h1:mZW8CKdRPY1v87qxC/wUdX5O1qDzXMP5TH3wjfpga6E=
modernc.org/memory v1.4.0 h1:crykUfNSnMAXaOJnnxcSzbUGMqkLWjklJKkBK2nwZwk=
modernc.org/memory v1.4.0/go.mod h1:PkUhL0Mugw21sHPeskwZW4D6VscE/GQJOnIpCnW6pSU=
modernc.org/opt v0.1.3 h1:3XOZf2yznlhC+ibLltsDGzABUGVx8J6pnFMS3E4dcq4=
modernc.org/opt v0.1.3/go.mod h1:WdSiB5evDcignE70guQKxYUl14mgWtbClRi5wmkkTX0=
modernc.org/sqlite v1.20.4 h1:J8+m2trkN+KKoE7jglyHYYYiaq5xmz2HoHJIiBlRzbE=
modernc.org/sqlite v1.20.4/go.mod h1:zKcGyrICaxNTMEHSr1HQ2GUraP0j+845GYw37+EyT6A=
modernc.org/strutil v1.1.3 h1:fNMm+oJklMGYfU9Ylcywl0CO5O6nTfaowNsh2wpPjzY=
modernc.org/strutil v1.1.3/go.mod h1:MEHNA7PdEnEwLvspRMtWTNnp2nnyvMfkimT1NKNAGbw=
modernc.org/token v1.0.1 h1:A3qvTqOwexpfZZeyI0FeGPDlSWX5pjZu9hF4lU+EKWg=
modernc.org/token v1.0.1/go.mod h1:UGzOrNV1mAFSEB63lOFHIpNRUVMvYTc6yu1SMY/XTDM=
sigs.k8s.io/json v0.0.0-20241010143419-9aa6b5e7a4b3 h1:/Rv+M11QRah1itp8VhT6HoVx1Ray9eB4DBr+K+/sCJ8=
sigs.k8s.io/json v0.0.0-20241010143419-9aa6b5e7a4b3/go.mod h1:18nIHnGi6636UCz6m8i4DhaJ65T6EruyzmoQqI2BVDo=
sigs.k8s.io/randfill v0.0.0-20250304075658-069ef1bbf016/go.mod h1:XeLlZ/jmk4i1HRopwe7/aU3H5n1zNUcX6TM94b3QxOY=
sigs.k8s.io/randfill v1.0.0 h1:JfjMILfT8A6RbawdsK2JXGBR5AQVfd+9TbzrlneTyrU=
sigs.k8s.io/randfill v1.0.0/go.mod h1:XeLlZ/jmk4i1HRopwe7/aU3H5n1zNUcX6TM94b3QxOY=
sigs.k8s.io/structured-merge-diff/v4 v4.6.0 h1:IUA9nvMmnKWcj5jl84xn+T5MnlZKThmUW1TdblaLVAc=
sigs.k8s.io/structured-merge-diff/v4 v4.6.0/go.mod h1:dDy58f92j70zLsuZVuUX5Wp9vtxXpaZnkPGWeqDfCps=
sigs.k8s.io/yaml v1.4.0 h1:Mk1wCc2gy/F0THH0TAp1QYyJNzRm2KCLy3o5ASXVI5E=
sigs.k8s.io/yaml v1.4.0/go.mod h1:Ejl7/uTz7PSA4eKMyQCUTnhZYNmLIl+5c2lQPGR2BPY=
xorm.io/builder v0.3.11-0.20220531020008-1bd24a7dc978 h1:bvLlAPW1ZMTWA32LuZMBEGHAUOcATZjzHcotf3SWweM=
xorm.io/builder v0.3.11-0.20220531020008-1bd24a7dc978/go.mod h1:aUW0S9eb9VCaPohFCH3j7czOx1PMW3i1HrSzbLYGBSE=
xorm.io/xorm v1.3.10 h1:yR83hTT4mKIPyA/lvWFTzS35xjLwkiYnwdw0Qupeh0o=
xorm.io/xorm v1.3.10/go.mod h1:Lo7hmsFF0F0GbDE7ubX5ZKa+eCf0eCuiJAUG3oI5cxQ=
